
Microsoft Visual Studio Solution File, Format Version 12.00
# Visual Studio 2012
Project("{FAE04EC0-301F-11D3-BF4B-00C04F79EFBC}") = "SimpleEncryption", "SimpleEncryption\SimpleEncryption.csproj", "{3237A91C-ADA7-4682-B0AD-3C882C187BB3}"
EndProject
Global
	GlobalSection(SolutionConfigurationPlatforms) = preSolution
		Debug|Any CPU = Debug|Any CPU
		Release|Any CPU = Release|Any CPU
	EndGlobalSection
	GlobalSection(ProjectConfigurationPlatforms) = postSolution
		{3237A91C-ADA7-4682-B0AD-3C882C187BB3}.Debug|Any CPU.ActiveCfg = Debug|Any CPU
		{3237A91C-ADA7-4682-B0AD-3C882C187BB3}.Debug|Any CPU.Build.0 = Debug|Any CPU
		{3237A91C-ADA7-4682-B0AD-3C882C187BB3}.Release|Any CPU.ActiveCfg = Release|Any CPU
		{3237A91C-ADA7-4682-B0AD-3C882C187BB3}.Release|Any CPU.Build.0 = Release|Any CPU
	EndGlobalSection
EndGlobal
